
Microsoft Visual Studio Solution File, Format Version 12.00
# Visual Studio Version 17
VisualStudioVersion = 17.1.32407.343
MinimumVisualStudioVersion = 10.0.40219.1
Project("{FAE04EC0-301F-11D3-BF4B-00C04F79EFBC}") = "CaixaEletronico.Domain", "CaixaEletronico.Domain\CaixaEletronico.Domain.csproj", "{7EBCCF66-9C4A-4A00-A449-CD24B6AAA9A5}"
EndProject
Project("{FAE04EC0-301F-11D3-BF4B-00C04F79EFBC}") = "CaixaEletronico.Tests", "CaixaEletronico.Tests\CaixaEletronico.Tests.csproj", "{8C171EE3-0253-4427-9D40-449FF17E7862}"
EndProject
Global
	GlobalSection(SolutionConfigurationPlatforms) = preSolution
		Debug|Any CPU = Debug|Any CPU
		Release|Any CPU = Release|Any CPU
	EndGlobalSection
	GlobalSection(ProjectConfigurationPlatforms) = postSolution
		{7EBCCF66-9C4A-4A00-A449-CD24B6AAA9A5}.Debug|Any CPU.ActiveCfg = Debug|Any CPU
		{7EBCCF66-9C4A-4A00-A449-CD24B6AAA9A5}.Debug|Any CPU.Build.0 = Debug|Any CPU
		{7EBCCF66-9C4A-4A00-A449-CD24B6AAA9A5}.Release|Any CPU.ActiveCfg = Release|Any CPU
		{7EBCCF66-9C4A-4A00-A449-CD24B6AAA9A5}.Release|Any CPU.Build.0 = Release|Any CPU
		{8C171EE3-0253-4427-9D40-449FF17E7862}.Debug|Any CPU.ActiveCfg = Debug|Any CPU
		{8C171EE3-0253-4427-9D40-449FF17E7862}.Debug|Any CPU.Build.0 = Debug|Any CPU
		{8C171EE3-0253-4427-9D40-449FF17E7862}.Release|Any CPU.ActiveCfg = Release|Any CPU
		{8C171EE3-0253-4427-9D40-449FF17E7862}.Release|Any CPU.Build.0 = Release|Any CPU
	EndGlobalSection
	GlobalSection(SolutionProperties) = preSolution
		HideSolutionNode = FALSE
	EndGlobalSection
	GlobalSection(ExtensibilityGlobals) = postSolution
		SolutionGuid = {52E1F786-444E-43BC-8B07-9388322E2F0D}
	EndGlobalSection
EndGlobal
